
Microsoft Visual Studio Solution File, Format Version 12.00
# Visual Studio Version 16
VisualStudioVersion = 16.0.31019.35
MinimumVisualStudioVersion = 10.0.40219.1
Project("{FAE04EC0-301F-11D3-BF4B-00C04F79EFBC}") = "RPX.Extractor", "RPX.Extractor\RPX.Extractor.csproj", "{1CDDF20F-2D0F-4B2B-8154-A96EB5FCFBDC}"
EndProject
Global
	GlobalSection(SolutionConfigurationPlatforms) = preSolution
		Debug|Any CPU = Debug|Any CPU
		Release|Any CPU = Release|Any CPU
	EndGlobalSection
	GlobalSection(ProjectConfigurationPlatforms) = postSolution
		{1CDDF20F-2D0F-4B2B-8154-A96EB5FCFBDC}.Debug|Any CPU.ActiveCfg = Debug|Any CPU
		{1CDDF20F-2D0F-4B2B-8154-A96EB5FCFBDC}.Debug|Any CPU.Build.0 = Debug|Any CPU
		{1CDDF20F-2D0F-4B2B-8154-A96EB5FCFBDC}.Release|Any CPU.ActiveCfg = Release|Any CPU
		{1CDDF20F-2D0F-4B2B-8154-A96EB5FCFBDC}.Release|Any CPU.Build.0 = Release|Any CPU
	EndGlobalSection
	GlobalSection(SolutionProperties) = preSolution
		HideSolutionNode = FALSE
	EndGlobalSection
	GlobalSection(ExtensibilityGlobals) = postSolution
		SolutionGuid = {926A5322-7FA1-4054-AA2C-CF6EB7BF5A3E}
	EndGlobalSection
EndGlobal
